
Microsoft Visual Studio Solution File, Format Version 12.00
# Visual Studio Version 17
VisualStudioVersion = 17.11.35303.130
MinimumVisualStudioVersion = 10.0.40219.1
Project("{FAE04EC0-301F-11D3-BF4B-00C04F79EFBC}") = "DoAnWeb", "DoAnWeb\DoAnWeb.csproj", "{0FAB3978-4FAB-4C9E-9137-6F884010B885}"
EndProject
Global
	GlobalSection(SolutionConfigurationPlatforms) = preSolution
		Debug|Any CPU = Debug|Any CPU
		Release|Any CPU = Release|Any CPU
	EndGlobalSection
	GlobalSection(ProjectConfigurationPlatforms) = postSolution
		{0FAB3978-4FAB-4C9E-9137-6F884010B885}.Debug|Any CPU.ActiveCfg = Debug|Any CPU
		{0FAB3978-4FAB-4C9E-9137-6F884010B885}.Debug|Any CPU.Build.0 = Debug|Any CPU
		{0FAB3978-4FAB-4C9E-9137-6F884010B885}.Release|Any CPU.ActiveCfg = Release|Any CPU
		{0FAB3978-4FAB-4C9E-9137-6F884010B885}.Release|Any CPU.Build.0 = Release|Any CPU
	EndGlobalSection
	GlobalSection(SolutionProperties) = preSolution
		HideSolutionNode = FALSE
	EndGlobalSection
	GlobalSection(ExtensibilityGlobals) = postSolution
		SolutionGuid = {85403346-75F3-4AE6-BAEC-EBDE63EA1AFE}
	EndGlobalSection
EndGlobal
